
Microsoft Visual Studio Solution File, Format Version 12.00
# Visual Studio Version 17
VisualStudioVersion = 17.4.33015.44
MinimumVisualStudioVersion = 10.0.40219.1
Project("{FAE04EC0-301F-11D3-BF4B-00C04F79EFBC}") = "ExamModul3", "ExamModul3\ExamModul3.csproj", "{FF4DABD2-A599-4DC8-BB81-45735193F060}"
EndProject
Global
	GlobalSection(SolutionConfigurationPlatforms) = preSolution
		Debug|Any CPU = Debug|Any CPU
		Release|Any CPU = Release|Any CPU
	EndGlobalSection
	GlobalSection(ProjectConfigurationPlatforms) = postSolution
		{FF4DABD2-A599-4DC8-BB81-45735193F060}.Debug|Any CPU.ActiveCfg = Debug|Any CPU
		{FF4DABD2-A599-4DC8-BB81-45735193F060}.Debug|Any CPU.Build.0 = Debug|Any CPU
		{FF4DABD2-A599-4DC8-BB81-45735193F060}.Release|Any CPU.ActiveCfg = Release|Any CPU
		{FF4DABD2-A599-4DC8-BB81-45735193F060}.Release|Any CPU.Build.0 = Release|Any CPU
	EndGlobalSection
	GlobalSection(SolutionProperties) = preSolution
		HideSolutionNode = FALSE
	EndGlobalSection
	GlobalSection(ExtensibilityGlobals) = postSolution
		SolutionGuid = {1EA21007-A6A2-49F1-85A5-88AB3776334C}
	EndGlobalSection
EndGlobal
