
Microsoft Visual Studio Solution File, Format Version 12.00
# Visual Studio Version 17
VisualStudioVersion = 17.2.32630.192
MinimumVisualStudioVersion = 10.0.40219.1
Project("{FAE04EC0-301F-11D3-BF4B-00C04F79EFBC}") = "examModul3", "examModul3\examModul3.csproj", "{EF0A56AF-5425-465E-A889-BE99A75469F5}"
EndProject
Project("{FAE04EC0-301F-11D3-BF4B-00C04F79EFBC}") = "task1", "task1\task1.csproj", "{209BAB7C-828D-4BBE-A54D-CD20DCEA1A89}"
EndProject
Project("{FAE04EC0-301F-11D3-BF4B-00C04F79EFBC}") = "task3", "task3\task3.csproj", "{7CC68C50-F149-43D5-9ACF-855E2133A78C}"
EndProject
Global
	GlobalSection(SolutionConfigurationPlatforms) = preSolution
		Debug|Any CPU = Debug|Any CPU
		Release|Any CPU = Release|Any CPU
	EndGlobalSection
	GlobalSection(ProjectConfigurationPlatforms) = postSolution
		{EF0A56AF-5425-465E-A889-BE99A75469F5}.Debug|Any CPU.ActiveCfg = Debug|Any CPU
		{EF0A56AF-5425-465E-A889-BE99A75469F5}.Debug|Any CPU.Build.0 = Debug|Any CPU
		{EF0A56AF-5425-465E-A889-BE99A75469F5}.Release|Any CPU.ActiveCfg = Release|Any CPU
		{EF0A56AF-5425-465E-A889-BE99A75469F5}.Release|Any CPU.Build.0 = Release|Any CPU
		{209BAB7C-828D-4BBE-A54D-CD20DCEA1A89}.Debug|Any CPU.ActiveCfg = Debug|Any CPU
		{209BAB7C-828D-4BBE-A54D-CD20DCEA1A89}.Debug|Any CPU.Build.0 = Debug|Any CPU
		{209BAB7C-828D-4BBE-A54D-CD20DCEA1A89}.Release|Any CPU.ActiveCfg = Release|Any CPU
		{209BAB7C-828D-4BBE-A54D-CD20DCEA1A89}.Release|Any CPU.Build.0 = Release|Any CPU
		{7CC68C50-F149-43D5-9ACF-855E2133A78C}.Debug|Any CPU.ActiveCfg = Debug|Any CPU
		{7CC68C50-F149-43D5-9ACF-855E2133A78C}.Debug|Any CPU.Build.0 = Debug|Any CPU
		{7CC68C50-F149-43D5-9ACF-855E2133A78C}.Release|Any CPU.ActiveCfg = Release|Any CPU
		{7CC68C50-F149-43D5-9ACF-855E2133A78C}.Release|Any CPU.Build.0 = Release|Any CPU
	EndGlobalSection
	GlobalSection(SolutionProperties) = preSolution
		HideSolutionNode = FALSE
	EndGlobalSection
	GlobalSection(ExtensibilityGlobals) = postSolution
		SolutionGuid = {38397A96-2BFC-44AF-96E0-59DB1578C51D}
	EndGlobalSection
EndGlobal
