
Microsoft Visual Studio Solution File, Format Version 12.00
# Visual Studio Version 16
VisualStudioVersion = 25.0.1704.0
MinimumVisualStudioVersion = 10.0.40219.1
Project("{FAE04EC0-301F-11D3-BF4B-00C04F79EFBC}") = "pdpExam1", "pdpExam1.csproj", "{76AD8FE8-EB6A-4E93-9891-B188B7D48BF7}"
EndProject
Global
	GlobalSection(SolutionConfigurationPlatforms) = preSolution
		Debug|Any CPU = Debug|Any CPU
		Release|Any CPU = Release|Any CPU
	EndGlobalSection
	GlobalSection(ProjectConfigurationPlatforms) = postSolution
		{76AD8FE8-EB6A-4E93-9891-B188B7D48BF7}.Debug|Any CPU.ActiveCfg = Debug|Any CPU
		{76AD8FE8-EB6A-4E93-9891-B188B7D48BF7}.Debug|Any CPU.Build.0 = Debug|Any CPU
		{76AD8FE8-EB6A-4E93-9891-B188B7D48BF7}.Release|Any CPU.ActiveCfg = Release|Any CPU
		{76AD8FE8-EB6A-4E93-9891-B188B7D48BF7}.Release|Any CPU.Build.0 = Release|Any CPU
	EndGlobalSection
	GlobalSection(SolutionProperties) = preSolution
		HideSolutionNode = FALSE
	EndGlobalSection
	GlobalSection(ExtensibilityGlobals) = postSolution
		SolutionGuid = {287C8390-5DE5-4298-A5AF-0E7FAD2D62FF}
	EndGlobalSection
EndGlobal
